// !$*UTF8*$!
{
	archiveVersion = 1;
	classes = {
	};
	objectVersion = 50;
	objects = {

/* Begin PBXBuildFile section */
		2025B113211980420032E3D1 /* DiscoverCoordinator.swift in Sources */ = {isa = PBXBuildFile; fileRef = 2025B10C211980420032E3D1 /* DiscoverCoordinator.swift */; };
		2025B114211980420032E3D1 /* DiscoverPresenter.swift in Sources */ = {isa = PBXBuildFile; fileRef = 2025B10D211980420032E3D1 /* DiscoverPresenter.swift */; };
		2025B115211980420032E3D1 /* DiscoverViewController.storyboard in Resources */ = {isa = PBXBuildFile; fileRef = 2025B10E211980420032E3D1 /* DiscoverViewController.storyboard */; };
		2025B116211980420032E3D1 /* DiscoverModels.swift in Sources */ = {isa = PBXBuildFile; fileRef = 2025B10F211980420032E3D1 /* DiscoverModels.swift */; };
		2025B117211980420032E3D1 /* DiscoverViewController.swift in Sources */ = {isa = PBXBuildFile; fileRef = 2025B110211980420032E3D1 /* DiscoverViewController.swift */; };
		2025B118211980420032E3D1 /* DiscoverProtocols.swift in Sources */ = {isa = PBXBuildFile; fileRef = 2025B111211980420032E3D1 /* DiscoverProtocols.swift */; };
		2025B119211980420032E3D1 /* DiscoverInteractor.swift in Sources */ = {isa = PBXBuildFile; fileRef = 2025B112211980420032E3D1 /* DiscoverInteractor.swift */; };
		2025B11D211999590032E3D1 /* DiscoverCell.swift in Sources */ = {isa = PBXBuildFile; fileRef = 2025B11C211999590032E3D1 /* DiscoverCell.swift */; };
		2025B12A2119B5410032E3D1 /* ItemListCoordinator.swift in Sources */ = {isa = PBXBuildFile; fileRef = 2025B1232119B5410032E3D1 /* ItemListCoordinator.swift */; };
		2025B12B2119B5410032E3D1 /* ItemListPresenter.swift in Sources */ = {isa = PBXBuildFile; fileRef = 2025B1242119B5410032E3D1 /* ItemListPresenter.swift */; };
		2025B12C2119B5410032E3D1 /* ItemListViewController.storyboard in Resources */ = {isa = PBXBuildFile; fileRef = 2025B1252119B5410032E3D1 /* ItemListViewController.storyboard */; };
		2025B12D2119B5410032E3D1 /* ItemListModels.swift in Sources */ = {isa = PBXBuildFile; fileRef = 2025B1262119B5410032E3D1 /* ItemListModels.swift */; };
		2025B12E2119B5410032E3D1 /* ItemListViewController.swift in Sources */ = {isa = PBXBuildFile; fileRef = 2025B1272119B5410032E3D1 /* ItemListViewController.swift */; };
		2025B12F2119B5410032E3D1 /* ItemListProtocols.swift in Sources */ = {isa = PBXBuildFile; fileRef = 2025B1282119B5410032E3D1 /* ItemListProtocols.swift */; };
		2025B1302119B5410032E3D1 /* ItemListInteractor.swift in Sources */ = {isa = PBXBuildFile; fileRef = 2025B1292119B5410032E3D1 /* ItemListInteractor.swift */; };
		2025B1322119CA660032E3D1 /* ItemListCell.swift in Sources */ = {isa = PBXBuildFile; fileRef = 2025B1312119CA660032E3D1 /* ItemListCell.swift */; };
		2025B1332119D3BD0032E3D1 /* Alamofire.framework in Frameworks */ = {isa = PBXBuildFile; fileRef = 20B9E41E21187F56002EACDA /* Alamofire.framework */; };
		202FEFB2211AFCD700494133 /* DetailsCoordinator.swift in Sources */ = {isa = PBXBuildFile; fileRef = 202FEFAB211AFCD700494133 /* DetailsCoordinator.swift */; };
		202FEFB3211AFCD700494133 /* DetailsPresenter.swift in Sources */ = {isa = PBXBuildFile; fileRef = 202FEFAC211AFCD700494133 /* DetailsPresenter.swift */; };
		202FEFB4211AFCD700494133 /* DetailsViewController.storyboard in Resources */ = {isa = PBXBuildFile; fileRef = 202FEFAD211AFCD700494133 /* DetailsViewController.storyboard */; };
		202FEFB5211AFCD700494133 /* DetailsModels.swift in Sources */ = {isa = PBXBuildFile; fileRef = 202FEFAE211AFCD700494133 /* DetailsModels.swift */; };
		202FEFB6211AFCD700494133 /* DetailsViewController.swift in Sources */ = {isa = PBXBuildFile; fileRef = 202FEFAF211AFCD700494133 /* DetailsViewController.swift */; };
		202FEFB7211AFCD700494133 /* DetailsProtocols.swift in Sources */ = {isa = PBXBuildFile; fileRef = 202FEFB0211AFCD700494133 /* DetailsProtocols.swift */; };
		202FEFB8211AFCD700494133 /* DetailsInteractor.swift in Sources */ = {isa = PBXBuildFile; fileRef = 202FEFB1211AFCD700494133 /* DetailsInteractor.swift */; };
		202FEFBA211B092C00494133 /* UIView+Shadow.swift in Sources */ = {isa = PBXBuildFile; fileRef = 202FEFB9211B092C00494133 /* UIView+Shadow.swift */; };
		202FEFBC211B0A0800494133 /* UIView+Gradient.swift in Sources */ = {isa = PBXBuildFile; fileRef = 202FEFBB211B0A0800494133 /* UIView+Gradient.swift */; };
		202FEFBE211B1DF700494133 /* Item.swift in Sources */ = {isa = PBXBuildFile; fileRef = 202FEFBD211B1DF700494133 /* Item.swift */; };
		2034DBC1211B370E0072ACD4 /* Cache.framework in Frameworks */ = {isa = PBXBuildFile; fileRef = 2034DBC0211B370E0072ACD4 /* Cache.framework */; };
		2055C4242118698D0096DAA8 /* Coordinator.swift in Sources */ = {isa = PBXBuildFile; fileRef = 2055C4232118698D0096DAA8 /* Coordinator.swift */; };
		2055C426211869970096DAA8 /* AppCoordinator.swift in Sources */ = {isa = PBXBuildFile; fileRef = 2055C425211869970096DAA8 /* AppCoordinator.swift */; };
		2055C43921186A340096DAA8 /* TabBarCoordinator.swift in Sources */ = {isa = PBXBuildFile; fileRef = 2055C43821186A340096DAA8 /* TabBarCoordinator.swift */; };
		2055C43C21186A640096DAA8 /* UIWindow+RootViewController.swift in Sources */ = {isa = PBXBuildFile; fileRef = 2055C43B21186A640096DAA8 /* UIWindow+RootViewController.swift */; };
		2055C44321186CC30096DAA8 /* Translation.swift in Sources */ = {isa = PBXBuildFile; fileRef = 2055C44221186CC30096DAA8 /* Translation.swift */; };
		2055C44521186E060096DAA8 /* Icons.swift in Sources */ = {isa = PBXBuildFile; fileRef = 2055C44421186E060096DAA8 /* Icons.swift */; };
		2055C44721186EA20096DAA8 /* Colors.swift in Sources */ = {isa = PBXBuildFile; fileRef = 2055C44621186EA20096DAA8 /* Colors.swift */; };
		20644D0A211C26D300DD6E91 /* SearchCoordinator.swift in Sources */ = {isa = PBXBuildFile; fileRef = 20644D03211C26D300DD6E91 /* SearchCoordinator.swift */; };
		20644D0B211C26D300DD6E91 /* SearchPresenter.swift in Sources */ = {isa = PBXBuildFile; fileRef = 20644D04211C26D300DD6E91 /* SearchPresenter.swift */; };
		20644D0C211C26D300DD6E91 /* SearchViewController.storyboard in Resources */ = {isa = PBXBuildFile; fileRef = 20644D05211C26D300DD6E91 /* SearchViewController.storyboard */; };
		20644D0D211C26D300DD6E91 /* SearchModels.swift in Sources */ = {isa = PBXBuildFile; fileRef = 20644D06211C26D300DD6E91 /* SearchModels.swift */; };
		20644D0E211C26D300DD6E91 /* SearchViewController.swift in Sources */ = {isa = PBXBuildFile; fileRef = 20644D07211C26D300DD6E91 /* SearchViewController.swift */; };
		20644D0F211C26D300DD6E91 /* SearchProtocols.swift in Sources */ = {isa = PBXBuildFile; fileRef = 20644D08211C26D300DD6E91 /* SearchProtocols.swift */; };
		20644D10211C26D300DD6E91 /* SearchInteractor.swift in Sources */ = {isa = PBXBuildFile; fileRef = 20644D09211C26D300DD6E91 /* SearchInteractor.swift */; };
		206741DE21189E7F00105AF4 /* String+DateFormat.swift in Sources */ = {isa = PBXBuildFile; fileRef = 206741DD21189E7F00105AF4 /* String+DateFormat.swift */; };
		2067A5FD2118AAA900E9B2C5 /* Localizable.strings in Resources */ = {isa = PBXBuildFile; fileRef = 2067A5FB2118AAA900E9B2C5 /* Localizable.strings */; };
		206BEEAC2118E26300CED785 /* Kingfisher.framework in Frameworks */ = {isa = PBXBuildFile; fileRef = 206BEEAB2118E26300CED785 /* Kingfisher.framework */; };
		20B9E41A21187D0D002EACDA /* Movie.swift in Sources */ = {isa = PBXBuildFile; fileRef = 20B9E41921187D0D002EACDA /* Movie.swift */; };
		20B9E42221187F9A002EACDA /* Repository.swift in Sources */ = {isa = PBXBuildFile; fileRef = 20B9E42121187F9A002EACDA /* Repository.swift */; };
		20B9E42421187FBC002EACDA /* RemoteRepository.swift in Sources */ = {isa = PBXBuildFile; fileRef = 20B9E42321187FBC002EACDA /* RemoteRepository.swift */; };
		20B9E42621187FE1002EACDA /* CacheRepository.swift in Sources */ = {isa = PBXBuildFile; fileRef = 20B9E42521187FE1002EACDA /* CacheRepository.swift */; };
		20B9E42821187FFE002EACDA /* Dependencies.swift in Sources */ = {isa = PBXBuildFile; fileRef = 20B9E42721187FFE002EACDA /* Dependencies.swift */; };
		20B9E42A211881CD002EACDA /* UIViewController+Alert.swift in Sources */ = {isa = PBXBuildFile; fileRef = 20B9E429211881CD002EACDA /* UIViewController+Alert.swift */; };
		20B9E42F21188A12002EACDA /* RequestsManager.swift in Sources */ = {isa = PBXBuildFile; fileRef = 20B9E42E21188A12002EACDA /* RequestsManager.swift */; };
		20B9E43121188F2D002EACDA /* Fonts.swift in Sources */ = {isa = PBXBuildFile; fileRef = 20B9E43021188F2D002EACDA /* Fonts.swift */; };
		20B9E4332118935C002EACDA /* TVShow.swift in Sources */ = {isa = PBXBuildFile; fileRef = 20B9E4322118935C002EACDA /* TVShow.swift */; };
		20BEB6292118636500CA891E /* AppDelegate.swift in Sources */ = {isa = PBXBuildFile; fileRef = 20BEB6282118636500CA891E /* AppDelegate.swift */; };
		20BEB6302118636600CA891E /* Assets.xcassets in Resources */ = {isa = PBXBuildFile; fileRef = 20BEB62F2118636600CA891E /* Assets.xcassets */; };
		20BEB6332118636600CA891E /* LaunchScreen.storyboard in Resources */ = {isa = PBXBuildFile; fileRef = 20BEB6312118636600CA891E /* LaunchScreen.storyboard */; };
/* End PBXBuildFile section */

/* Begin PBXFileReference section */
		2025B10C211980420032E3D1 /* DiscoverCoordinator.swift */ = {isa = PBXFileReference; lastKnownFileType = sourcecode.swift; path = DiscoverCoordinator.swift; sourceTree = "<group>"; };
		2025B10D211980420032E3D1 /* DiscoverPresenter.swift */ = {isa = PBXFileReference; lastKnownFileType = sourcecode.swift; path = DiscoverPresenter.swift; sourceTree = "<group>"; };
		2025B10E211980420032E3D1 /* DiscoverViewController.storyboard */ = {isa = PBXFileReference; lastKnownFileType = file.storyboard; path = DiscoverViewController.storyboard; sourceTree = "<group>"; };
		2025B10F211980420032E3D1 /* DiscoverModels.swift */ = {isa = PBXFileReference; lastKnownFileType = sourcecode.swift; path = DiscoverModels.swift; sourceTree = "<group>"; };
		2025B110211980420032E3D1 /* DiscoverViewController.swift */ = {isa = PBXFileReference; lastKnownFileType = sourcecode.swift; path = DiscoverViewController.swift; sourceTree = "<group>"; };
		2025B111211980420032E3D1 /* DiscoverProtocols.swift */ = {isa = PBXFileReference; lastKnownFileType = sourcecode.swift; path = DiscoverProtocols.swift; sourceTree = "<group>"; };
		2025B112211980420032E3D1 /* DiscoverInteractor.swift */ = {isa = PBXFileReference; lastKnownFileType = sourcecode.swift; path = DiscoverInteractor.swift; sourceTree = "<group>"; };
		2025B11C211999590032E3D1 /* DiscoverCell.swift */ = {isa = PBXFileReference; lastKnownFileType = sourcecode.swift; path = DiscoverCell.swift; sourceTree = "<group>"; };
		2025B1232119B5410032E3D1 /* ItemListCoordinator.swift */ = {isa = PBXFileReference; lastKnownFileType = sourcecode.swift; path = ItemListCoordinator.swift; sourceTree = "<group>"; };
		2025B1242119B5410032E3D1 /* ItemListPresenter.swift */ = {isa = PBXFileReference; lastKnownFileType = sourcecode.swift; path = ItemListPresenter.swift; sourceTree = "<group>"; };
		2025B1252119B5410032E3D1 /* ItemListViewController.storyboard */ = {isa = PBXFileReference; lastKnownFileType = file.storyboard; path = ItemListViewController.storyboard; sourceTree = "<group>"; };
		2025B1262119B5410032E3D1 /* ItemListModels.swift */ = {isa = PBXFileReference; lastKnownFileType = sourcecode.swift; path = ItemListModels.swift; sourceTree = "<group>"; };
		2025B1272119B5410032E3D1 /* ItemListViewController.swift */ = {isa = PBXFileReference; lastKnownFileType = sourcecode.swift; path = ItemListViewController.swift; sourceTree = "<group>"; };
		2025B1282119B5410032E3D1 /* ItemListProtocols.swift */ = {isa = PBXFileReference; lastKnownFileType = sourcecode.swift; path = ItemListProtocols.swift; sourceTree = "<group>"; };
		2025B1292119B5410032E3D1 /* ItemListInteractor.swift */ = {isa = PBXFileReference; lastKnownFileType = sourcecode.swift; path = ItemListInteractor.swift; sourceTree = "<group>"; };
		2025B1312119CA660032E3D1 /* ItemListCell.swift */ = {isa = PBXFileReference; lastKnownFileType = sourcecode.swift; path = ItemListCell.swift; sourceTree = "<group>"; };
		202FEFAB211AFCD700494133 /* DetailsCoordinator.swift */ = {isa = PBXFileReference; lastKnownFileType = sourcecode.swift; path = DetailsCoordinator.swift; sourceTree = "<group>"; };
		202FEFAC211AFCD700494133 /* DetailsPresenter.swift */ = {isa = PBXFileReference; lastKnownFileType = sourcecode.swift; path = DetailsPresenter.swift; sourceTree = "<group>"; };
		202FEFAD211AFCD700494133 /* DetailsViewController.storyboard */ = {isa = PBXFileReference; lastKnownFileType = file.storyboard; path = DetailsViewController.storyboard; sourceTree = "<group>"; };
		202FEFAE211AFCD700494133 /* DetailsModels.swift */ = {isa = PBXFileReference; lastKnownFileType = sourcecode.swift; path = DetailsModels.swift; sourceTree = "<group>"; };
		202FEFAF211AFCD700494133 /* DetailsViewController.swift */ = {isa = PBXFileReference; lastKnownFileType = sourcecode.swift; path = DetailsViewController.swift; sourceTree = "<group>"; };
		202FEFB0211AFCD700494133 /* DetailsProtocols.swift */ = {isa = PBXFileReference; lastKnownFileType = sourcecode.swift; path = DetailsProtocols.swift; sourceTree = "<group>"; };
		202FEFB1211AFCD700494133 /* DetailsInteractor.swift */ = {isa = PBXFileReference; lastKnownFileType = sourcecode.swift; path = DetailsInteractor.swift; sourceTree = "<group>"; };
		202FEFB9211B092C00494133 /* UIView+Shadow.swift */ = {isa = PBXFileReference; lastKnownFileType = sourcecode.swift; path = "UIView+Shadow.swift"; sourceTree = "<group>"; };
		202FEFBB211B0A0800494133 /* UIView+Gradient.swift */ = {isa = PBXFileReference; lastKnownFileType = sourcecode.swift; path = "UIView+Gradient.swift"; sourceTree = "<group>"; };
		202FEFBD211B1DF700494133 /* Item.swift */ = {isa = PBXFileReference; lastKnownFileType = sourcecode.swift; path = Item.swift; sourceTree = "<group>"; };
		2034DBC0211B370E0072ACD4 /* Cache.framework */ = {isa = PBXFileReference; lastKnownFileType = wrapper.framework; name = Cache.framework; path = Carthage/Build/iOS/Cache.framework; sourceTree = "<group>"; };
		2055C4232118698D0096DAA8 /* Coordinator.swift */ = {isa = PBXFileReference; lastKnownFileType = sourcecode.swift; path = Coordinator.swift; sourceTree = "<group>"; };
		2055C425211869970096DAA8 /* AppCoordinator.swift */ = {isa = PBXFileReference; lastKnownFileType = sourcecode.swift; path = AppCoordinator.swift; sourceTree = "<group>"; };
		2055C43821186A340096DAA8 /* TabBarCoordinator.swift */ = {isa = PBXFileReference; lastKnownFileType = sourcecode.swift; path = TabBarCoordinator.swift; sourceTree = "<group>"; };
		2055C43B21186A640096DAA8 /* UIWindow+RootViewController.swift */ = {isa = PBXFileReference; lastKnownFileType = sourcecode.swift; path = "UIWindow+RootViewController.swift"; sourceTree = "<group>"; };
		2055C44221186CC30096DAA8 /* Translation.swift */ = {isa = PBXFileReference; lastKnownFileType = sourcecode.swift; path = Translation.swift; sourceTree = "<group>"; };
		2055C44421186E060096DAA8 /* Icons.swift */ = {isa = PBXFileReference; lastKnownFileType = sourcecode.swift; path = Icons.swift; sourceTree = "<group>"; };
		2055C44621186EA20096DAA8 /* Colors.swift */ = {isa = PBXFileReference; lastKnownFileType = sourcecode.swift; path = Colors.swift; sourceTree = "<group>"; };
		20644D03211C26D300DD6E91 /* SearchCoordinator.swift */ = {isa = PBXFileReference; lastKnownFileType = sourcecode.swift; path = SearchCoordinator.swift; sourceTree = "<group>"; };
		20644D04211C26D300DD6E91 /* SearchPresenter.swift */ = {isa = PBXFileReference; lastKnownFileType = sourcecode.swift; path = SearchPresenter.swift; sourceTree = "<group>"; };
		20644D05211C26D300DD6E91 /* SearchViewController.storyboard */ = {isa = PBXFileReference; lastKnownFileType = file.storyboard; path = SearchViewController.storyboard; sourceTree = "<group>"; };
		20644D06211C26D300DD6E91 /* SearchModels.swift */ = {isa = PBXFileReference; lastKnownFileType = sourcecode.swift; path = SearchModels.swift; sourceTree = "<group>"; };
		20644D07211C26D300DD6E91 /* SearchViewController.swift */ = {isa = PBXFileReference; lastKnownFileType = sourcecode.swift; path = SearchViewController.swift; sourceTree = "<group>"; };
		20644D08211C26D300DD6E91 /* SearchProtocols.swift */ = {isa = PBXFileReference; lastKnownFileType = sourcecode.swift; path = SearchProtocols.swift; sourceTree = "<group>"; };
		20644D09211C26D300DD6E91 /* SearchInteractor.swift */ = {isa = PBXFileReference; lastKnownFileType = sourcecode.swift; path = SearchInteractor.swift; sourceTree = "<group>"; };
		206741DD21189E7F00105AF4 /* String+DateFormat.swift */ = {isa = PBXFileReference; lastKnownFileType = sourcecode.swift; path = "String+DateFormat.swift"; sourceTree = "<group>"; };
		2067A5FC2118AAA900E9B2C5 /* en */ = {isa = PBXFileReference; lastKnownFileType = text.plist.strings; name = en; path = en.lproj/Localizable.strings; sourceTree = "<group>"; };
		2067A5FE2118AAB200E9B2C5 /* fr */ = {isa = PBXFileReference; lastKnownFileType = text.plist.strings; name = fr; path = fr.lproj/Localizable.strings; sourceTree = "<group>"; };
		206BEEAB2118E26300CED785 /* Kingfisher.framework */ = {isa = PBXFileReference; lastKnownFileType = wrapper.framework; name = Kingfisher.framework; path = Carthage/Build/iOS/Kingfisher.framework; sourceTree = "<group>"; };
		20B9E41921187D0D002EACDA /* Movie.swift */ = {isa = PBXFileReference; lastKnownFileType = sourcecode.swift; path = Movie.swift; sourceTree = "<group>"; };
		20B9E41E21187F56002EACDA /* Alamofire.framework */ = {isa = PBXFileReference; lastKnownFileType = wrapper.framework; name = Alamofire.framework; path = Carthage/Build/iOS/Alamofire.framework; sourceTree = "<group>"; };
		20B9E42121187F9A002EACDA /* Repository.swift */ = {isa = PBXFileReference; lastKnownFileType = sourcecode.swift; path = Repository.swift; sourceTree = "<group>"; };
		20B9E42321187FBC002EACDA /* RemoteRepository.swift */ = {isa = PBXFileReference; lastKnownFileType = sourcecode.swift; path = RemoteRepository.swift; sourceTree = "<group>"; };
		20B9E42521187FE1002EACDA /* CacheRepository.swift */ = {isa = PBXFileReference; lastKnownFileType = sourcecode.swift; path = CacheRepository.swift; sourceTree = "<group>"; };
		20B9E42721187FFE002EACDA /* Dependencies.swift */ = {isa = PBXFileReference; lastKnownFileType = sourcecode.swift; path = Dependencies.swift; sourceTree = "<group>"; };
		20B9E429211881CD002EACDA /* UIViewController+Alert.swift */ = {isa = PBXFileReference; lastKnownFileType = sourcecode.swift; path = "UIViewController+Alert.swift"; sourceTree = "<group>"; };
		20B9E42B21188997002EACDA /* Springbok.framework */ = {isa = PBXFileReference; lastKnownFileType = wrapper.framework; name = Springbok.framework; path = Carthage/Build/iOS/Springbok.framework; sourceTree = "<group>"; };
		20B9E42E21188A12002EACDA /* RequestsManager.swift */ = {isa = PBXFileReference; lastKnownFileType = sourcecode.swift; path = RequestsManager.swift; sourceTree = "<group>"; };
		20B9E43021188F2D002EACDA /* Fonts.swift */ = {isa = PBXFileReference; lastKnownFileType = sourcecode.swift; path = Fonts.swift; sourceTree = "<group>"; };
		20B9E4322118935C002EACDA /* TVShow.swift */ = {isa = PBXFileReference; lastKnownFileType = sourcecode.swift; path = TVShow.swift; sourceTree = "<group>"; };
		20BEB6252118636500CA891E /* Tonight's Movie.app */ = {isa = PBXFileReference; explicitFileType = wrapper.application; includeInIndex = 0; path = "Tonight's Movie.app"; sourceTree = BUILT_PRODUCTS_DIR; };
		20BEB6282118636500CA891E /* AppDelegate.swift */ = {isa = PBXFileReference; lastKnownFileType = sourcecode.swift; path = AppDelegate.swift; sourceTree = "<group>"; };
		20BEB62F2118636600CA891E /* Assets.xcassets */ = {isa = PBXFileReference; lastKnownFileType = folder.assetcatalog; path = Assets.xcassets; sourceTree = "<group>"; };
		20BEB6322118636600CA891E /* Base */ = {isa = PBXFileReference; lastKnownFileType = file.storyboard; name = Base; path = Base.lproj/LaunchScreen.storyboard; sourceTree = "<group>"; };
		20BEB6342118636600CA891E /* Info.plist */ = {isa = PBXFileReference; lastKnownFileType = text.plist.xml; path = Info.plist; sourceTree = "<group>"; };
/* End PBXFileReference section */

/* Begin PBXFrameworksBuildPhase section */
		20BEB6222118636500CA891E /* Frameworks */ = {
			isa = PBXFrameworksBuildPhase;
			buildActionMask = 2147483647;
			files = (
				2034DBC1211B370E0072ACD4 /* Cache.framework in Frameworks */,
				206BEEAC2118E26300CED785 /* Kingfisher.framework in Frameworks */,
				2025B1332119D3BD0032E3D1 /* Alamofire.framework in Frameworks */,
			);
			runOnlyForDeploymentPostprocessing = 0;
		};
/* End PBXFrameworksBuildPhase section */

/* Begin PBXGroup section */
		2025B10B211980310032E3D1 /* Discover */ = {
			isa = PBXGroup;
			children = (
				2025B10C211980420032E3D1 /* DiscoverCoordinator.swift */,
				2025B10D211980420032E3D1 /* DiscoverPresenter.swift */,
				2025B10E211980420032E3D1 /* DiscoverViewController.storyboard */,
				2025B10F211980420032E3D1 /* DiscoverModels.swift */,
				2025B110211980420032E3D1 /* DiscoverViewController.swift */,
				2025B111211980420032E3D1 /* DiscoverProtocols.swift */,
				2025B112211980420032E3D1 /* DiscoverInteractor.swift */,
				2025B11C211999590032E3D1 /* DiscoverCell.swift */,
			);
			path = Discover;
			sourceTree = "<group>";
		};
		2025B1222119B5270032E3D1 /* Item List */ = {
			isa = PBXGroup;
			children = (
				2025B1232119B5410032E3D1 /* ItemListCoordinator.swift */,
				2025B1242119B5410032E3D1 /* ItemListPresenter.swift */,
				2025B1252119B5410032E3D1 /* ItemListViewController.storyboard */,
				2025B1262119B5410032E3D1 /* ItemListModels.swift */,
				2025B1272119B5410032E3D1 /* ItemListViewController.swift */,
				2025B1282119B5410032E3D1 /* ItemListProtocols.swift */,
				2025B1292119B5410032E3D1 /* ItemListInteractor.swift */,
				2025B1312119CA660032E3D1 /* ItemListCell.swift */,
			);
			path = "Item List";
			sourceTree = "<group>";
		};
		202FEFAA211AFCC700494133 /* Details */ = {
			isa = PBXGroup;
			children = (
				202FEFAB211AFCD700494133 /* DetailsCoordinator.swift */,
				202FEFAC211AFCD700494133 /* DetailsPresenter.swift */,
				202FEFAD211AFCD700494133 /* DetailsViewController.storyboard */,
				202FEFAE211AFCD700494133 /* DetailsModels.swift */,
				202FEFAF211AFCD700494133 /* DetailsViewController.swift */,
				202FEFB0211AFCD700494133 /* DetailsProtocols.swift */,
				202FEFB1211AFCD700494133 /* DetailsInteractor.swift */,
			);
			path = Details;
			sourceTree = "<group>";
		};
		2055C41F211869500096DAA8 /* Resources */ = {
			isa = PBXGroup;
			children = (
				2067A5FB2118AAA900E9B2C5 /* Localizable.strings */,
				20BEB62F2118636600CA891E /* Assets.xcassets */,
				20BEB6312118636600CA891E /* LaunchScreen.storyboard */,
				20BEB6342118636600CA891E /* Info.plist */,
			);
			path = Resources;
			sourceTree = "<group>";
		};
		2055C4202118695A0096DAA8 /* Source */ = {
			isa = PBXGroup;
			children = (
				2055C421211869690096DAA8 /* App */,
				2055C4222118697D0096DAA8 /* Misc */,
				2055C43A21186A4E0096DAA8 /* Extensions */,
				20B9E41821187CFE002EACDA /* Entities */,
				20B9E41B21187F0C002EACDA /* Dependencies */,
				20B9E42D21188A03002EACDA /* Managers */,
				2055C427211869C20096DAA8 /* Scenes */,
			);
			path = Source;
			sourceTree = "<group>";
		};
		2055C421211869690096DAA8 /* App */ = {
			isa = PBXGroup;
			children = (
				20BEB6282118636500CA891E /* AppDelegate.swift */,
				2055C425211869970096DAA8 /* AppCoordinator.swift */,
			);
			path = App;
			sourceTree = "<group>";
		};
		2055C4222118697D0096DAA8 /* Misc */ = {
			isa = PBXGroup;
			children = (
				2055C4232118698D0096DAA8 /* Coordinator.swift */,
				2055C44221186CC30096DAA8 /* Translation.swift */,
				2055C44421186E060096DAA8 /* Icons.swift */,
				2055C44621186EA20096DAA8 /* Colors.swift */,
				20B9E43021188F2D002EACDA /* Fonts.swift */,
			);
			path = Misc;
			sourceTree = "<group>";
		};
		2055C427211869C20096DAA8 /* Scenes */ = {
			isa = PBXGroup;
			children = (
				2055C43721186A260096DAA8 /* Tab Bar */,
				2025B10B211980310032E3D1 /* Discover */,
				2025B1222119B5270032E3D1 /* Item List */,
				202FEFAA211AFCC700494133 /* Details */,
				20644D02211C26B700DD6E91 /* Search */,
			);
			path = Scenes;
			sourceTree = "<group>";
		};
		2055C43721186A260096DAA8 /* Tab Bar */ = {
			isa = PBXGroup;
			children = (
				2055C43821186A340096DAA8 /* TabBarCoordinator.swift */,
			);
			path = "Tab Bar";
			sourceTree = "<group>";
		};
		2055C43A21186A4E0096DAA8 /* Extensions */ = {
			isa = PBXGroup;
			children = (
				2055C43B21186A640096DAA8 /* UIWindow+RootViewController.swift */,
				20B9E429211881CD002EACDA /* UIViewController+Alert.swift */,
				206741DD21189E7F00105AF4 /* String+DateFormat.swift */,
				202FEFB9211B092C00494133 /* UIView+Shadow.swift */,
				202FEFBB211B0A0800494133 /* UIView+Gradient.swift */,
			);
			path = Extensions;
			sourceTree = "<group>";
		};
		20644D02211C26B700DD6E91 /* Search */ = {
			isa = PBXGroup;
			children = (
				20644D03211C26D300DD6E91 /* SearchCoordinator.swift */,
				20644D04211C26D300DD6E91 /* SearchPresenter.swift */,
				20644D05211C26D300DD6E91 /* SearchViewController.storyboard */,
				20644D06211C26D300DD6E91 /* SearchModels.swift */,
				20644D07211C26D300DD6E91 /* SearchViewController.swift */,
				20644D08211C26D300DD6E91 /* SearchProtocols.swift */,
				20644D09211C26D300DD6E91 /* SearchInteractor.swift */,
			);
			path = Search;
			sourceTree = "<group>";
		};
		20B9E41821187CFE002EACDA /* Entities */ = {
			isa = PBXGroup;
			children = (
				20B9E41921187D0D002EACDA /* Movie.swift */,
				20B9E4322118935C002EACDA /* TVShow.swift */,
				202FEFBD211B1DF700494133 /* Item.swift */,
			);
			path = Entities;
			sourceTree = "<group>";
		};
		20B9E41B21187F0C002EACDA /* Dependencies */ = {
			isa = PBXGroup;
			children = (
				20B9E42021187F8A002EACDA /* Repositories */,
				20B9E42721187FFE002EACDA /* Dependencies.swift */,
			);
			path = Dependencies;
			sourceTree = "<group>";
		};
		20B9E41D21187F56002EACDA /* Frameworks */ = {
			isa = PBXGroup;
			children = (
				2034DBC0211B370E0072ACD4 /* Cache.framework */,
				206BEEAB2118E26300CED785 /* Kingfisher.framework */,
				20B9E42B21188997002EACDA /* Springbok.framework */,
				20B9E41E21187F56002EACDA /* Alamofire.framework */,
			);
			name = Frameworks;
			sourceTree = "<group>";
		};
		20B9E42021187F8A002EACDA /* Repositories */ = {
			isa = PBXGroup;
			children = (
				20B9E42121187F9A002EACDA /* Repository.swift */,
				20B9E42321187FBC002EACDA /* RemoteRepository.swift */,
				20B9E42521187FE1002EACDA /* CacheRepository.swift */,
			);
			path = Repositories;
			sourceTree = "<group>";
		};
		20B9E42D21188A03002EACDA /* Managers */ = {
			isa = PBXGroup;
			children = (
				20B9E42E21188A12002EACDA /* RequestsManager.swift */,
			);
			path = Managers;
			sourceTree = "<group>";
		};
		20BEB61C2118636500CA891E = {
			isa = PBXGroup;
			children = (
				20BEB6272118636500CA891E /* Tonight's Movie */,
				20BEB6262118636500CA891E /* Products */,
				20B9E41D21187F56002EACDA /* Frameworks */,
			);
			sourceTree = "<group>";
		};
		20BEB6262118636500CA891E /* Products */ = {
			isa = PBXGroup;
			children = (
				20BEB6252118636500CA891E /* Tonight's Movie.app */,
			);
			name = Products;
			sourceTree = "<group>";
		};
		20BEB6272118636500CA891E /* Tonight's Movie */ = {
			isa = PBXGroup;
			children = (
				2055C4202118695A0096DAA8 /* Source */,
				2055C41F211869500096DAA8 /* Resources */,
			);
			path = "Tonight's Movie";
			sourceTree = "<group>";
		};
/* End PBXGroup section */

/* Begin PBXNativeTarget section */
		20BEB6242118636500CA891E /* Tonight's Movie */ = {
			isa = PBXNativeTarget;
			buildConfigurationList = 20BEB6372118636600CA891E /* Build configuration list for PBXNativeTarget "Tonight's Movie" */;
			buildPhases = (
				20BEB6212118636500CA891E /* Sources */,
				20BEB6222118636500CA891E /* Frameworks */,
				20BEB6232118636500CA891E /* Resources */,
				20B9E41C21187F31002EACDA /* Carthage */,
			);
			buildRules = (
			);
			dependencies = (
			);
			name = "Tonight's Movie";
			productName = "Tonight's Movie";
			productReference = 20BEB6252118636500CA891E /* Tonight's Movie.app */;
			productType = "com.apple.product-type.application";
		};
/* End PBXNativeTarget section */

/* Begin PBXProject section */
		20BEB61D2118636500CA891E /* Project object */ = {
			isa = PBXProject;
			attributes = {
				LastSwiftUpdateCheck = 1000;
				LastUpgradeCheck = 1000;
				ORGANIZATIONNAME = "Maxime Maheo";
				TargetAttributes = {
					20BEB6242118636500CA891E = {
						CreatedOnToolsVersion = 10.0;
					};
				};
			};
			buildConfigurationList = 20BEB6202118636500CA891E /* Build configuration list for PBXProject "Tonight's Movie" */;
			compatibilityVersion = "Xcode 9.3";
			developmentRegion = en;
			hasScannedForEncodings = 0;
			knownRegions = (
				Base,
				en,
				fr,
			);
			mainGroup = 20BEB61C2118636500CA891E;
			productRefGroup = 20BEB6262118636500CA891E /* Products */;
			projectDirPath = "";
			projectRoot = "";
			targets = (
				20BEB6242118636500CA891E /* Tonight's Movie */,
			);
		};
/* End PBXProject section */

/* Begin PBXResourcesBuildPhase section */
		20BEB6232118636500CA891E /* Resources */ = {
			isa = PBXResourcesBuildPhase;
			buildActionMask = 2147483647;
			files = (
				202FEFB4211AFCD700494133 /* DetailsViewController.storyboard in Resources */,
				2067A5FD2118AAA900E9B2C5 /* Localizable.strings in Resources */,
				20BEB6332118636600CA891E /* LaunchScreen.storyboard in Resources */,
				20644D0C211C26D300DD6E91 /* SearchViewController.storyboard in Resources */,
				2025B12C2119B5410032E3D1 /* ItemListViewController.storyboard in Resources */,
				2025B115211980420032E3D1 /* DiscoverViewController.storyboard in Resources */,
				20BEB6302118636600CA891E /* Assets.xcassets in Resources */,
			);
			runOnlyForDeploymentPostprocessing = 0;
		};
/* End PBXResourcesBuildPhase section */

/* Begin PBXShellScriptBuildPhase section */
		20B9E41C21187F31002EACDA /* Carthage */ = {
			isa = PBXShellScriptBuildPhase;
			buildActionMask = 2147483647;
			files = (
			);
			inputFileListPaths = (
			);
			inputPaths = (
				"$(SRCROOT)/Carthage/Build/iOS/Kingfisher.framework",
				"$(SRCROOT)/Carthage/Build/iOS/Alamofire.framework",
				"$(SRCROOT)/Carthage/Build/iOS/Cache.framework",
			);
			name = Carthage;
			outputFileListPaths = (
			);
			outputPaths = (
			);
			runOnlyForDeploymentPostprocessing = 0;
			shellPath = /bin/sh;
			shellScript = "/usr/local/bin/carthage copy-frameworks\n";
		};
/* End PBXShellScriptBuildPhase section */

/* Begin PBXSourcesBuildPhase section */
		20BEB6212118636500CA891E /* Sources */ = {
			isa = PBXSourcesBuildPhase;
			buildActionMask = 2147483647;
			files = (
				2055C44521186E060096DAA8 /* Icons.swift in Sources */,
				2025B12B2119B5410032E3D1 /* ItemListPresenter.swift in Sources */,
				20B9E42621187FE1002EACDA /* CacheRepository.swift in Sources */,
				20644D0F211C26D300DD6E91 /* SearchProtocols.swift in Sources */,
				202FEFBE211B1DF700494133 /* Item.swift in Sources */,
				20B9E4332118935C002EACDA /* TVShow.swift in Sources */,
				2055C426211869970096DAA8 /* AppCoordinator.swift in Sources */,
				2025B118211980420032E3D1 /* DiscoverProtocols.swift in Sources */,
				20644D0D211C26D300DD6E91 /* SearchModels.swift in Sources */,
				2055C44721186EA20096DAA8 /* Colors.swift in Sources */,
				202FEFB2211AFCD700494133 /* DetailsCoordinator.swift in Sources */,
				2025B11D211999590032E3D1 /* DiscoverCell.swift in Sources */,
				202FEFB3211AFCD700494133 /* DetailsPresenter.swift in Sources */,
				2025B114211980420032E3D1 /* DiscoverPresenter.swift in Sources */,
				202FEFB6211AFCD700494133 /* DetailsViewController.swift in Sources */,
				20B9E42A211881CD002EACDA /* UIViewController+Alert.swift in Sources */,
				20B9E42F21188A12002EACDA /* RequestsManager.swift in Sources */,
				20B9E41A21187D0D002EACDA /* Movie.swift in Sources */,
				20B9E43121188F2D002EACDA /* Fonts.swift in Sources */,
				20B9E42821187FFE002EACDA /* Dependencies.swift in Sources */,
				2025B12E2119B5410032E3D1 /* ItemListViewController.swift in Sources */,
				202FEFBC211B0A0800494133 /* UIView+Gradient.swift in Sources */,
				20B9E42421187FBC002EACDA /* RemoteRepository.swift in Sources */,
				2055C4242118698D0096DAA8 /* Coordinator.swift in Sources */,
				20644D10211C26D300DD6E91 /* SearchInteractor.swift in Sources */,
				2025B113211980420032E3D1 /* DiscoverCoordinator.swift in Sources */,
				2025B1302119B5410032E3D1 /* ItemListInteractor.swift in Sources */,
				20BEB6292118636500CA891E /* AppDelegate.swift in Sources */,
				2025B1322119CA660032E3D1 /* ItemListCell.swift in Sources */,
				2025B12D2119B5410032E3D1 /* ItemListModels.swift in Sources */,
				202FEFB8211AFCD700494133 /* DetailsInteractor.swift in Sources */,
				20644D0B211C26D300DD6E91 /* SearchPresenter.swift in Sources */,
				20644D0E211C26D300DD6E91 /* SearchViewController.swift in Sources */,
				2055C43C21186A640096DAA8 /* UIWindow+RootViewController.swift in Sources */,
				2025B116211980420032E3D1 /* DiscoverModels.swift in Sources */,
				202FEFBA211B092C00494133 /* UIView+Shadow.swift in Sources */,
				2025B12F2119B5410032E3D1 /* ItemListProtocols.swift in Sources */,
				20B9E42221187F9A002EACDA /* Repository.swift in Sources */,
				202FEFB7211AFCD700494133 /* DetailsProtocols.swift in Sources */,
				20644D0A211C26D300DD6E91 /* SearchCoordinator.swift in Sources */,
				2055C43921186A340096DAA8 /* TabBarCoordinator.swift in Sources */,
				2025B117211980420032E3D1 /* DiscoverViewController.swift in Sources */,
				2025B119211980420032E3D1 /* DiscoverInteractor.swift in Sources */,
				202FEFB5211AFCD700494133 /* DetailsModels.swift in Sources */,
				206741DE21189E7F00105AF4 /* String+DateFormat.swift in Sources */,
				2055C44321186CC30096DAA8 /* Translation.swift in Sources */,
				2025B12A2119B5410032E3D1 /* ItemListCoordinator.swift in Sources */,
			);
			runOnlyForDeploymentPostprocessing = 0;
		};
/* End PBXSourcesBuildPhase section */

/* Begin PBXVariantGroup section */
		2067A5FB2118AAA900E9B2C5 /* Localizable.strings */ = {
			isa = PBXVariantGroup;
			children = (
				2067A5FC2118AAA900E9B2C5 /* en */,
				2067A5FE2118AAB200E9B2C5 /* fr */,
			);
			name = Localizable.strings;
			sourceTree = "<group>";
		};
		20BEB6312118636600CA891E /* LaunchScreen.storyboard */ = {
			isa = PBXVariantGroup;
			children = (
				20BEB6322118636600CA891E /* Base */,
			);
			name = LaunchScreen.storyboard;
			sourceTree = "<group>";
		};
/* End PBXVariantGroup section */

/* Begin XCBuildConfiguration section */
		20BEB6352118636600CA891E /* Debug */ = {
			isa = XCBuildConfiguration;
			buildSettings = {
				ALWAYS_SEARCH_USER_PATHS = NO;
				CLANG_ANALYZER_NONNULL = YES;
				CLANG_ANALYZER_NUMBER_OBJECT_CONVERSION = YES_AGGRESSIVE;
				CLANG_CXX_LANGUAGE_STANDARD = "gnu++14";
				CLANG_CXX_LIBRARY = "libc++";
				CLANG_ENABLE_MODULES = YES;
				CLANG_ENABLE_OBJC_ARC = YES;
				CLANG_ENABLE_OBJC_WEAK = YES;
				CLANG_WARN_BLOCK_CAPTURE_AUTORELEASING = YES;
				CLANG_WARN_BOOL_CONVERSION = YES;
				CLANG_WARN_COMMA = YES;
				CLANG_WARN_CONSTANT_CONVERSION = YES;
				CLANG_WARN_DEPRECATED_OBJC_IMPLEMENTATIONS = YES;
				CLANG_WARN_DIRECT_OBJC_ISA_USAGE = YES_ERROR;
				CLANG_WARN_DOCUMENTATION_COMMENTS = YES;
				CLANG_WARN_EMPTY_BODY = YES;
				CLANG_WARN_ENUM_CONVERSION = YES;
				CLANG_WARN_INFINITE_RECURSION = YES;
				CLANG_WARN_INT_CONVERSION = YES;
				CLANG_WARN_NON_LITERAL_NULL_CONVERSION = YES;
				CLANG_WARN_OBJC_IMPLICIT_RETAIN_SELF = YES;
				CLANG_WARN_OBJC_LITERAL_CONVERSION = YES;
				CLANG_WARN_OBJC_ROOT_CLASS = YES_ERROR;
				CLANG_WARN_RANGE_LOOP_ANALYSIS = YES;
				CLANG_WARN_STRICT_PROTOTYPES = YES;
				CLANG_WARN_SUSPICIOUS_MOVE = YES;
				CLANG_WARN_UNGUARDED_AVAILABILITY = YES_AGGRESSIVE;
				CLANG_WARN_UNREACHABLE_CODE = YES;
				CLANG_WARN__DUPLICATE_METHOD_MATCH = YES;
				CODE_SIGN_IDENTITY = "iPhone Developer";
				COPY_PHASE_STRIP = NO;
				DEBUG_INFORMATION_FORMAT = dwarf;
				ENABLE_STRICT_OBJC_MSGSEND = YES;
				ENABLE_TESTABILITY = YES;
				GCC_C_LANGUAGE_STANDARD = gnu11;
				GCC_DYNAMIC_NO_PIC = NO;
				GCC_NO_COMMON_BLOCKS = YES;
				GCC_OPTIMIZATION_LEVEL = 0;
				GCC_PREPROCESSOR_DEFINITIONS = (
					"DEBUG=1",
					"$(inherited)",
				);
				GCC_WARN_64_TO_32_BIT_CONVERSION = YES;
				GCC_WARN_ABOUT_RETURN_TYPE = YES_ERROR;
				GCC_WARN_UNDECLARED_SELECTOR = YES;
				GCC_WARN_UNINITIALIZED_AUTOS = YES_AGGRESSIVE;
				GCC_WARN_UNUSED_FUNCTION = YES;
				GCC_WARN_UNUSED_VARIABLE = YES;
				IPHONEOS_DEPLOYMENT_TARGET = 12.0;
				MTL_ENABLE_DEBUG_INFO = INCLUDE_SOURCE;
				MTL_FAST_MATH = YES;
				ONLY_ACTIVE_ARCH = YES;
				SDKROOT = iphoneos;
				SWIFT_ACTIVE_COMPILATION_CONDITIONS = DEBUG;
				SWIFT_OPTIMIZATION_LEVEL = "-Onone";
			};
			name = Debug;
		};
		20BEB6362118636600CA891E /* Release */ = {
			isa = XCBuildConfiguration;
			buildSettings = {
				ALWAYS_SEARCH_USER_PATHS = NO;
				CLANG_ANALYZER_NONNULL = YES;
				CLANG_ANALYZER_NUMBER_OBJECT_CONVERSION = YES_AGGRESSIVE;
				CLANG_CXX_LANGUAGE_STANDARD = "gnu++14";
				CLANG_CXX_LIBRARY = "libc++";
				CLANG_ENABLE_MODULES = YES;
				CLANG_ENABLE_OBJC_ARC = YES;
				CLANG_ENABLE_OBJC_WEAK = YES;
				CLANG_WARN_BLOCK_CAPTURE_AUTORELEASING = YES;
				CLANG_WARN_BOOL_CONVERSION = YES;
				CLANG_WARN_COMMA = YES;
				CLANG_WARN_CONSTANT_CONVERSION = YES;
				CLANG_WARN_DEPRECATED_OBJC_IMPLEMENTATIONS = YES;
				CLANG_WARN_DIRECT_OBJC_ISA_USAGE = YES_ERROR;
				CLANG_WARN_DOCUMENTATION_COMMENTS = YES;
				CLANG_WARN_EMPTY_BODY = YES;
				CLANG_WARN_ENUM_CONVERSION = YES;
				CLANG_WARN_INFINITE_RECURSION = YES;
				CLANG_WARN_INT_CONVERSION = YES;
				CLANG_WARN_NON_LITERAL_NULL_CONVERSION = YES;
				CLANG_WARN_OBJC_IMPLICIT_RETAIN_SELF = YES;
				CLANG_WARN_OBJC_LITERAL_CONVERSION = YES;
				CLANG_WARN_OBJC_ROOT_CLASS = YES_ERROR;
				CLANG_WARN_RANGE_LOOP_ANALYSIS = YES;
				CLANG_WARN_STRICT_PROTOTYPES = YES;
				CLANG_WARN_SUSPICIOUS_MOVE = YES;
				CLANG_WARN_UNGUARDED_AVAILABILITY = YES_AGGRESSIVE;
				CLANG_WARN_UNREACHABLE_CODE = YES;
				CLANG_WARN__DUPLICATE_METHOD_MATCH = YES;
				CODE_SIGN_IDENTITY = "iPhone Developer";
				COPY_PHASE_STRIP = NO;
				DEBUG_INFORMATION_FORMAT = "dwarf-with-dsym";
				ENABLE_NS_ASSERTIONS = NO;
				ENABLE_STRICT_OBJC_MSGSEND = YES;
				GCC_C_LANGUAGE_STANDARD = gnu11;
				GCC_NO_COMMON_BLOCKS = YES;
				GCC_WARN_64_TO_32_BIT_CONVERSION = YES;
				GCC_WARN_ABOUT_RETURN_TYPE = YES_ERROR;
				GCC_WARN_UNDECLARED_SELECTOR = YES;
				GCC_WARN_UNINITIALIZED_AUTOS = YES_AGGRESSIVE;
				GCC_WARN_UNUSED_FUNCTION = YES;
				GCC_WARN_UNUSED_VARIABLE = YES;
				IPHONEOS_DEPLOYMENT_TARGET = 12.0;
				MTL_ENABLE_DEBUG_INFO = NO;
				MTL_FAST_MATH = YES;
				SDKROOT = iphoneos;
				SWIFT_COMPILATION_MODE = wholemodule;
				SWIFT_OPTIMIZATION_LEVEL = "-O";
				VALIDATE_PRODUCT = YES;
			};
			name = Release;
		};
		20BEB6382118636600CA891E /* Debug */ = {
			isa = XCBuildConfiguration;
			buildSettings = {
				ASSETCATALOG_COMPILER_APPICON_NAME = AppIcon;
				CODE_SIGN_STYLE = Manual;
				DEVELOPMENT_TEAM = D27NXEG753;
				FRAMEWORK_SEARCH_PATHS = (
					"$(inherited)",
					"$(PROJECT_DIR)/Carthage/Build/iOS",
				);
				INFOPLIST_FILE = "$(SRCROOT)/Tonight's Movie/Resources/Info.plist";
				IPHONEOS_DEPLOYMENT_TARGET = 11;
				LD_RUNPATH_SEARCH_PATHS = (
					"$(inherited)",
					"@executable_path/Frameworks",
				);
				PRODUCT_BUNDLE_IDENTIFIER = "maxime.maheo.free.fr.Tonight-s-Movie";
				PRODUCT_NAME = "$(TARGET_NAME)";
				PROVISIONING_PROFILE_SPECIFIER = "match Development maxime.maheo.free.fr.Tonight-s-Movie";
				SWIFT_VERSION = 4.2;
				TARGETED_DEVICE_FAMILY = "1,2";
			};
			name = Debug;
		};
		20BEB6392118636600CA891E /* Release */ = {
			isa = XCBuildConfiguration;
			buildSettings = {
				ASSETCATALOG_COMPILER_APPICON_NAME = AppIcon;
				CODE_SIGN_STYLE = Manual;
				DEVELOPMENT_TEAM = D27NXEG753;
				FRAMEWORK_SEARCH_PATHS = (
					"$(inherited)",
					"$(PROJECT_DIR)/Carthage/Build/iOS",
				);
				INFOPLIST_FILE = "$(SRCROOT)/Tonight's Movie/Resources/Info.plist";
				IPHONEOS_DEPLOYMENT_TARGET = 11;
				LD_RUNPATH_SEARCH_PATHS = (
					"$(inherited)",
					"@executable_path/Frameworks",
				);
				PRODUCT_BUNDLE_IDENTIFIER = "maxime.maheo.free.fr.Tonight-s-Movie";
				PRODUCT_NAME = "$(TARGET_NAME)";
				PROVISIONING_PROFILE_SPECIFIER = "match Development maxime.maheo.free.fr.Tonight-s-Movie";
				SWIFT_VERSION = 4.2;
				TARGETED_DEVICE_FAMILY = "1,2";
			};
			name = Release;
		};
/* End XCBuildConfiguration section */

/* Begin XCConfigurationList section */
		20BEB6202118636500CA891E /* Build configuration list for PBXProject "Tonight's Movie" */ = {
			isa = XCConfigurationList;
			buildConfigurations = (
				20BEB6352118636600CA891E /* Debug */,
				20BEB6362118636600CA891E /* Release */,
			);
			defaultConfigurationIsVisible = 0;
			defaultConfigurationName = Release;
		};
		20BEB6372118636600CA891E /* Build configuration list for PBXNativeTarget "Tonight's Movie" */ = {
			isa = XCConfigurationList;
			buildConfigurations = (
				20BEB6382118636600CA891E /* Debug */,
				20BEB6392118636600CA891E /* Release */,
			);
			defaultConfigurationIsVisible = 0;
			defaultConfigurationName = Release;
		};
/* End XCConfigurationList section */
	};
	rootObject = 20BEB61D2118636500CA891E /* Project object */;
}
