// !$*UTF8*$!
{
	archiveVersion = 1;
	classes = {
	};
	objectVersion = 52;
	objects = {

/* Begin PBXBuildFile section */
		526B571923FDDBE800E28658 /* AppDelegate.swift in Sources */ = {isa = PBXBuildFile; fileRef = 526B571823FDDBE800E28658 /* AppDelegate.swift */; };
		526B572023FDDBE800E28658 /* Main.storyboard in Resources */ = {isa = PBXBuildFile; fileRef = 526B571E23FDDBE800E28658 /* Main.storyboard */; };
		526B572223FDDBE900E28658 /* Assets.xcassets in Resources */ = {isa = PBXBuildFile; fileRef = 526B572123FDDBE900E28658 /* Assets.xcassets */; };
		526B572523FDDBE900E28658 /* LaunchScreen.storyboard in Resources */ = {isa = PBXBuildFile; fileRef = 526B572323FDDBE900E28658 /* LaunchScreen.storyboard */; };
		52985A692401368D00719530 /* AppCoordinator.swift in Sources */ = {isa = PBXBuildFile; fileRef = 52985A682401368D00719530 /* AppCoordinator.swift */; };
		52E194F62401418D00407344 /* MoviesViewModel.swift in Sources */ = {isa = PBXBuildFile; fileRef = 52E194F52401418D00407344 /* MoviesViewModel.swift */; };
		52E194F8240141AD00407344 /* MoviesCoordinator.swift in Sources */ = {isa = PBXBuildFile; fileRef = 52E194F7240141AD00407344 /* MoviesCoordinator.swift */; };
		52E194FA240141C000407344 /* MoviesViewController.swift in Sources */ = {isa = PBXBuildFile; fileRef = 52E194F9240141C000407344 /* MoviesViewController.swift */; };
		52E194FE240148CA00407344 /* MainTabBarCoordinator.swift in Sources */ = {isa = PBXBuildFile; fileRef = 52E194FD240148CA00407344 /* MainTabBarCoordinator.swift */; };
		52E1950424014C5A00407344 /* XCoordinatorRx in Frameworks */ = {isa = PBXBuildFile; productRef = 52E1950324014C5A00407344 /* XCoordinatorRx */; };
		52E1950624014C5A00407344 /* XCoordinator in Frameworks */ = {isa = PBXBuildFile; productRef = 52E1950524014C5A00407344 /* XCoordinator */; };
		52E1950924014C7E00407344 /* Transition+presentFullScreen.swift in Sources */ = {isa = PBXBuildFile; fileRef = 52E1950824014C7E00407344 /* Transition+presentFullScreen.swift */; };
		52E1950B24014CB800407344 /* Animation+fade.swift in Sources */ = {isa = PBXBuildFile; fileRef = 52E1950A24014CB800407344 /* Animation+fade.swift */; };
/* End PBXBuildFile section */

/* Begin PBXFileReference section */
		526B571523FDDBE800E28658 /* Netflix.app */ = {isa = PBXFileReference; explicitFileType = wrapper.application; includeInIndex = 0; path = Netflix.app; sourceTree = BUILT_PRODUCTS_DIR; };
		526B571823FDDBE800E28658 /* AppDelegate.swift */ = {isa = PBXFileReference; lastKnownFileType = sourcecode.swift; path = AppDelegate.swift; sourceTree = "<group>"; };
		526B571F23FDDBE800E28658 /* Base */ = {isa = PBXFileReference; lastKnownFileType = file.storyboard; name = Base; path = Base.lproj/Main.storyboard; sourceTree = "<group>"; };
		526B572123FDDBE900E28658 /* Assets.xcassets */ = {isa = PBXFileReference; lastKnownFileType = folder.assetcatalog; path = Assets.xcassets; sourceTree = "<group>"; };
		526B572423FDDBE900E28658 /* Base */ = {isa = PBXFileReference; lastKnownFileType = file.storyboard; name = Base; path = Base.lproj/LaunchScreen.storyboard; sourceTree = "<group>"; };
		526B572623FDDBE900E28658 /* Info.plist */ = {isa = PBXFileReference; lastKnownFileType = text.plist.xml; path = Info.plist; sourceTree = "<group>"; };
		52985A682401368D00719530 /* AppCoordinator.swift */ = {isa = PBXFileReference; lastKnownFileType = sourcecode.swift; path = AppCoordinator.swift; sourceTree = "<group>"; };
		52E194F52401418D00407344 /* MoviesViewModel.swift */ = {isa = PBXFileReference; lastKnownFileType = sourcecode.swift; path = MoviesViewModel.swift; sourceTree = "<group>"; };
		52E194F7240141AD00407344 /* MoviesCoordinator.swift */ = {isa = PBXFileReference; lastKnownFileType = sourcecode.swift; path = MoviesCoordinator.swift; sourceTree = "<group>"; };
		52E194F9240141C000407344 /* MoviesViewController.swift */ = {isa = PBXFileReference; lastKnownFileType = sourcecode.swift; path = MoviesViewController.swift; sourceTree = "<group>"; };
		52E194FD240148CA00407344 /* MainTabBarCoordinator.swift */ = {isa = PBXFileReference; lastKnownFileType = sourcecode.swift; path = MainTabBarCoordinator.swift; sourceTree = "<group>"; };
		52E1950824014C7E00407344 /* Transition+presentFullScreen.swift */ = {isa = PBXFileReference; lastKnownFileType = sourcecode.swift; path = "Transition+presentFullScreen.swift"; sourceTree = "<group>"; };
		52E1950A24014CB800407344 /* Animation+fade.swift */ = {isa = PBXFileReference; lastKnownFileType = sourcecode.swift; path = "Animation+fade.swift"; sourceTree = "<group>"; };
/* End PBXFileReference section */

/* Begin PBXFrameworksBuildPhase section */
		526B571223FDDBE800E28658 /* Frameworks */ = {
			isa = PBXFrameworksBuildPhase;
			buildActionMask = 2147483647;
			files = (
				52E1950624014C5A00407344 /* XCoordinator in Frameworks */,
				52E1950424014C5A00407344 /* XCoordinatorRx in Frameworks */,
			);
			runOnlyForDeploymentPostprocessing = 0;
		};
/* End PBXFrameworksBuildPhase section */

/* Begin PBXGroup section */
		526B570C23FDDBE800E28658 = {
			isa = PBXGroup;
			children = (
				526B571723FDDBE800E28658 /* Netflix */,
				526B571623FDDBE800E28658 /* Products */,
			);
			sourceTree = "<group>";
		};
		526B571623FDDBE800E28658 /* Products */ = {
			isa = PBXGroup;
			children = (
				526B571523FDDBE800E28658 /* Netflix.app */,
			);
			name = Products;
			sourceTree = "<group>";
		};
		526B571723FDDBE800E28658 /* Netflix */ = {
			isa = PBXGroup;
			children = (
				526B571823FDDBE800E28658 /* AppDelegate.swift */,
				52985A682401368D00719530 /* AppCoordinator.swift */,
				52E1950724014C6A00407344 /* Extensions */,
				526B573023FDDD0800E28658 /* Scenes */,
				526B572C23FDDC9100E28658 /* Resources */,
			);
			path = Netflix;
			sourceTree = "<group>";
		};
		526B572C23FDDC9100E28658 /* Resources */ = {
			isa = PBXGroup;
			children = (
				526B571E23FDDBE800E28658 /* Main.storyboard */,
				526B572123FDDBE900E28658 /* Assets.xcassets */,
				526B572323FDDBE900E28658 /* LaunchScreen.storyboard */,
				526B572623FDDBE900E28658 /* Info.plist */,
			);
			path = Resources;
			sourceTree = "<group>";
		};
		526B573023FDDD0800E28658 /* Scenes */ = {
			isa = PBXGroup;
			children = (
				52E194FD240148CA00407344 /* MainTabBarCoordinator.swift */,
				52E194F42401417F00407344 /* Movies */,
			);
			path = Scenes;
			sourceTree = "<group>";
		};
		52E194F42401417F00407344 /* Movies */ = {
			isa = PBXGroup;
			children = (
				52E194F52401418D00407344 /* MoviesViewModel.swift */,
				52E194F7240141AD00407344 /* MoviesCoordinator.swift */,
				52E194F9240141C000407344 /* MoviesViewController.swift */,
			);
			path = Movies;
			sourceTree = "<group>";
		};
		52E1950724014C6A00407344 /* Extensions */ = {
			isa = PBXGroup;
			children = (
				52E1950824014C7E00407344 /* Transition+presentFullScreen.swift */,
				52E1950A24014CB800407344 /* Animation+fade.swift */,
			);
			path = Extensions;
			sourceTree = "<group>";
		};
/* End PBXGroup section */

/* Begin PBXNativeTarget section */
		526B571423FDDBE800E28658 /* Netflix */ = {
			isa = PBXNativeTarget;
			buildConfigurationList = 526B572923FDDBE900E28658 /* Build configuration list for PBXNativeTarget "Netflix" */;
			buildPhases = (
				526B571123FDDBE800E28658 /* Sources */,
				526B571223FDDBE800E28658 /* Frameworks */,
				526B571323FDDBE800E28658 /* Resources */,
				52E1950C24014DD500407344 /* SwiftFormat */,
				526B573123FDDD8000E28658 /* SwiftLint */,
			);
			buildRules = (
			);
			dependencies = (
			);
			name = Netflix;
			packageProductDependencies = (
				52E1950324014C5A00407344 /* XCoordinatorRx */,
				52E1950524014C5A00407344 /* XCoordinator */,
			);
			productName = Netflix;
			productReference = 526B571523FDDBE800E28658 /* Netflix.app */;
			productType = "com.apple.product-type.application";
		};
/* End PBXNativeTarget section */

/* Begin PBXProject section */
		526B570D23FDDBE800E28658 /* Project object */ = {
			isa = PBXProject;
			attributes = {
				LastSwiftUpdateCheck = 1130;
				LastUpgradeCheck = 1130;
				ORGANIZATIONNAME = "Maxime Maheo";
				TargetAttributes = {
					526B571423FDDBE800E28658 = {
						CreatedOnToolsVersion = 11.3.1;
					};
				};
			};
			buildConfigurationList = 526B571023FDDBE800E28658 /* Build configuration list for PBXProject "Netflix" */;
			compatibilityVersion = "Xcode 9.3";
			developmentRegion = en;
			hasScannedForEncodings = 0;
			knownRegions = (
				en,
				Base,
			);
			mainGroup = 526B570C23FDDBE800E28658;
			packageReferences = (
				52E1950224014C5A00407344 /* XCRemoteSwiftPackageReference "XCoordinator" */,
			);
			productRefGroup = 526B571623FDDBE800E28658 /* Products */;
			projectDirPath = "";
			projectRoot = "";
			targets = (
				526B571423FDDBE800E28658 /* Netflix */,
			);
		};
/* End PBXProject section */

/* Begin PBXResourcesBuildPhase section */
		526B571323FDDBE800E28658 /* Resources */ = {
			isa = PBXResourcesBuildPhase;
			buildActionMask = 2147483647;
			files = (
				526B572523FDDBE900E28658 /* LaunchScreen.storyboard in Resources */,
				526B572223FDDBE900E28658 /* Assets.xcassets in Resources */,
				526B572023FDDBE800E28658 /* Main.storyboard in Resources */,
			);
			runOnlyForDeploymentPostprocessing = 0;
		};
/* End PBXResourcesBuildPhase section */

/* Begin PBXShellScriptBuildPhase section */
		526B573123FDDD8000E28658 /* SwiftLint */ = {
			isa = PBXShellScriptBuildPhase;
			buildActionMask = 2147483647;
			files = (
			);
			inputFileListPaths = (
			);
			inputPaths = (
			);
			name = SwiftLint;
			outputFileListPaths = (
			);
			outputPaths = (
			);
			runOnlyForDeploymentPostprocessing = 0;
			shellPath = /bin/sh;
			shellScript = "swiftlint --config .swiftlint.yml\n";
		};
		52E1950C24014DD500407344 /* SwiftFormat */ = {
			isa = PBXShellScriptBuildPhase;
			buildActionMask = 2147483647;
			files = (
			);
			inputFileListPaths = (
			);
			inputPaths = (
			);
			name = SwiftFormat;
			outputFileListPaths = (
			);
			outputPaths = (
			);
			runOnlyForDeploymentPostprocessing = 0;
			shellPath = /bin/sh;
			shellScript = "swift-format --recursive Netflix/ --configuration .swift-format.json --in-place\n";
		};
/* End PBXShellScriptBuildPhase section */

/* Begin PBXSourcesBuildPhase section */
		526B571123FDDBE800E28658 /* Sources */ = {
			isa = PBXSourcesBuildPhase;
			buildActionMask = 2147483647;
			files = (
				52985A692401368D00719530 /* AppCoordinator.swift in Sources */,
				52E194FA240141C000407344 /* MoviesViewController.swift in Sources */,
				52E1950B24014CB800407344 /* Animation+fade.swift in Sources */,
				52E1950924014C7E00407344 /* Transition+presentFullScreen.swift in Sources */,
				52E194F8240141AD00407344 /* MoviesCoordinator.swift in Sources */,
				52E194FE240148CA00407344 /* MainTabBarCoordinator.swift in Sources */,
				52E194F62401418D00407344 /* MoviesViewModel.swift in Sources */,
				526B571923FDDBE800E28658 /* AppDelegate.swift in Sources */,
			);
			runOnlyForDeploymentPostprocessing = 0;
		};
/* End PBXSourcesBuildPhase section */

/* Begin PBXVariantGroup section */
		526B571E23FDDBE800E28658 /* Main.storyboard */ = {
			isa = PBXVariantGroup;
			children = (
				526B571F23FDDBE800E28658 /* Base */,
			);
			name = Main.storyboard;
			sourceTree = "<group>";
		};
		526B572323FDDBE900E28658 /* LaunchScreen.storyboard */ = {
			isa = PBXVariantGroup;
			children = (
				526B572423FDDBE900E28658 /* Base */,
			);
			name = LaunchScreen.storyboard;
			sourceTree = "<group>";
		};
/* End PBXVariantGroup section */

/* Begin XCBuildConfiguration section */
		526B572723FDDBE900E28658 /* Debug */ = {
			isa = XCBuildConfiguration;
			buildSettings = {
				ALWAYS_SEARCH_USER_PATHS = NO;
				CLANG_ANALYZER_NONNULL = YES;
				CLANG_ANALYZER_NUMBER_OBJECT_CONVERSION = YES_AGGRESSIVE;
				CLANG_CXX_LANGUAGE_STANDARD = "gnu++14";
				CLANG_CXX_LIBRARY = "libc++";
				CLANG_ENABLE_MODULES = YES;
				CLANG_ENABLE_OBJC_ARC = YES;
				CLANG_ENABLE_OBJC_WEAK = YES;
				CLANG_WARN_BLOCK_CAPTURE_AUTORELEASING = YES;
				CLANG_WARN_BOOL_CONVERSION = YES;
				CLANG_WARN_COMMA = YES;
				CLANG_WARN_CONSTANT_CONVERSION = YES;
				CLANG_WARN_DEPRECATED_OBJC_IMPLEMENTATIONS = YES;
				CLANG_WARN_DIRECT_OBJC_ISA_USAGE = YES_ERROR;
				CLANG_WARN_DOCUMENTATION_COMMENTS = YES;
				CLANG_WARN_EMPTY_BODY = YES;
				CLANG_WARN_ENUM_CONVERSION = YES;
				CLANG_WARN_INFINITE_RECURSION = YES;
				CLANG_WARN_INT_CONVERSION = YES;
				CLANG_WARN_NON_LITERAL_NULL_CONVERSION = YES;
				CLANG_WARN_OBJC_IMPLICIT_RETAIN_SELF = YES;
				CLANG_WARN_OBJC_LITERAL_CONVERSION = YES;
				CLANG_WARN_OBJC_ROOT_CLASS = YES_ERROR;
				CLANG_WARN_RANGE_LOOP_ANALYSIS = YES;
				CLANG_WARN_STRICT_PROTOTYPES = YES;
				CLANG_WARN_SUSPICIOUS_MOVE = YES;
				CLANG_WARN_UNGUARDED_AVAILABILITY = YES_AGGRESSIVE;
				CLANG_WARN_UNREACHABLE_CODE = YES;
				CLANG_WARN__DUPLICATE_METHOD_MATCH = YES;
				COPY_PHASE_STRIP = NO;
				DEBUG_INFORMATION_FORMAT = dwarf;
				ENABLE_STRICT_OBJC_MSGSEND = YES;
				ENABLE_TESTABILITY = YES;
				GCC_C_LANGUAGE_STANDARD = gnu11;
				GCC_DYNAMIC_NO_PIC = NO;
				GCC_NO_COMMON_BLOCKS = YES;
				GCC_OPTIMIZATION_LEVEL = 0;
				GCC_PREPROCESSOR_DEFINITIONS = (
					"DEBUG=1",
					"$(inherited)",
				);
				GCC_WARN_64_TO_32_BIT_CONVERSION = YES;
				GCC_WARN_ABOUT_RETURN_TYPE = YES_ERROR;
				GCC_WARN_UNDECLARED_SELECTOR = YES;
				GCC_WARN_UNINITIALIZED_AUTOS = YES_AGGRESSIVE;
				GCC_WARN_UNUSED_FUNCTION = YES;
				GCC_WARN_UNUSED_VARIABLE = YES;
				IPHONEOS_DEPLOYMENT_TARGET = 13.2;
				MTL_ENABLE_DEBUG_INFO = INCLUDE_SOURCE;
				MTL_FAST_MATH = YES;
				ONLY_ACTIVE_ARCH = YES;
				SDKROOT = iphoneos;
				SWIFT_ACTIVE_COMPILATION_CONDITIONS = DEBUG;
				SWIFT_OPTIMIZATION_LEVEL = "-Onone";
			};
			name = Debug;
		};
		526B572823FDDBE900E28658 /* Release */ = {
			isa = XCBuildConfiguration;
			buildSettings = {
				ALWAYS_SEARCH_USER_PATHS = NO;
				CLANG_ANALYZER_NONNULL = YES;
				CLANG_ANALYZER_NUMBER_OBJECT_CONVERSION = YES_AGGRESSIVE;
				CLANG_CXX_LANGUAGE_STANDARD = "gnu++14";
				CLANG_CXX_LIBRARY = "libc++";
				CLANG_ENABLE_MODULES = YES;
				CLANG_ENABLE_OBJC_ARC = YES;
				CLANG_ENABLE_OBJC_WEAK = YES;
				CLANG_WARN_BLOCK_CAPTURE_AUTORELEASING = YES;
				CLANG_WARN_BOOL_CONVERSION = YES;
				CLANG_WARN_COMMA = YES;
				CLANG_WARN_CONSTANT_CONVERSION = YES;
				CLANG_WARN_DEPRECATED_OBJC_IMPLEMENTATIONS = YES;
				CLANG_WARN_DIRECT_OBJC_ISA_USAGE = YES_ERROR;
				CLANG_WARN_DOCUMENTATION_COMMENTS = YES;
				CLANG_WARN_EMPTY_BODY = YES;
				CLANG_WARN_ENUM_CONVERSION = YES;
				CLANG_WARN_INFINITE_RECURSION = YES;
				CLANG_WARN_INT_CONVERSION = YES;
				CLANG_WARN_NON_LITERAL_NULL_CONVERSION = YES;
				CLANG_WARN_OBJC_IMPLICIT_RETAIN_SELF = YES;
				CLANG_WARN_OBJC_LITERAL_CONVERSION = YES;
				CLANG_WARN_OBJC_ROOT_CLASS = YES_ERROR;
				CLANG_WARN_RANGE_LOOP_ANALYSIS = YES;
				CLANG_WARN_STRICT_PROTOTYPES = YES;
				CLANG_WARN_SUSPICIOUS_MOVE = YES;
				CLANG_WARN_UNGUARDED_AVAILABILITY = YES_AGGRESSIVE;
				CLANG_WARN_UNREACHABLE_CODE = YES;
				CLANG_WARN__DUPLICATE_METHOD_MATCH = YES;
				COPY_PHASE_STRIP = NO;
				DEBUG_INFORMATION_FORMAT = "dwarf-with-dsym";
				ENABLE_NS_ASSERTIONS = NO;
				ENABLE_STRICT_OBJC_MSGSEND = YES;
				GCC_C_LANGUAGE_STANDARD = gnu11;
				GCC_NO_COMMON_BLOCKS = YES;
				GCC_WARN_64_TO_32_BIT_CONVERSION = YES;
				GCC_WARN_ABOUT_RETURN_TYPE = YES_ERROR;
				GCC_WARN_UNDECLARED_SELECTOR = YES;
				GCC_WARN_UNINITIALIZED_AUTOS = YES_AGGRESSIVE;
				GCC_WARN_UNUSED_FUNCTION = YES;
				GCC_WARN_UNUSED_VARIABLE = YES;
				IPHONEOS_DEPLOYMENT_TARGET = 13.2;
				MTL_ENABLE_DEBUG_INFO = NO;
				MTL_FAST_MATH = YES;
				SDKROOT = iphoneos;
				SWIFT_COMPILATION_MODE = wholemodule;
				SWIFT_OPTIMIZATION_LEVEL = "-O";
				VALIDATE_PRODUCT = YES;
			};
			name = Release;
		};
		526B572A23FDDBE900E28658 /* Debug */ = {
			isa = XCBuildConfiguration;
			buildSettings = {
				ASSETCATALOG_COMPILER_APPICON_NAME = AppIcon;
				CODE_SIGN_STYLE = Automatic;
				DEVELOPMENT_TEAM = D27NXEG753;
				INFOPLIST_FILE = Netflix/Resources/Info.plist;
				LD_RUNPATH_SEARCH_PATHS = (
					"$(inherited)",
					"@executable_path/Frameworks",
				);
				PRODUCT_BUNDLE_IDENTIFIER = maxime.maheo.Netflix;
				PRODUCT_NAME = "$(TARGET_NAME)";
				SWIFT_VERSION = 5.0;
				TARGETED_DEVICE_FAMILY = "1,2";
			};
			name = Debug;
		};
		526B572B23FDDBE900E28658 /* Release */ = {
			isa = XCBuildConfiguration;
			buildSettings = {
				ASSETCATALOG_COMPILER_APPICON_NAME = AppIcon;
				CODE_SIGN_STYLE = Automatic;
				DEVELOPMENT_TEAM = D27NXEG753;
				INFOPLIST_FILE = Netflix/Resources/Info.plist;
				LD_RUNPATH_SEARCH_PATHS = (
					"$(inherited)",
					"@executable_path/Frameworks",
				);
				PRODUCT_BUNDLE_IDENTIFIER = maxime.maheo.Netflix;
				PRODUCT_NAME = "$(TARGET_NAME)";
				SWIFT_VERSION = 5.0;
				TARGETED_DEVICE_FAMILY = "1,2";
			};
			name = Release;
		};
/* End XCBuildConfiguration section */

/* Begin XCConfigurationList section */
		526B571023FDDBE800E28658 /* Build configuration list for PBXProject "Netflix" */ = {
			isa = XCConfigurationList;
			buildConfigurations = (
				526B572723FDDBE900E28658 /* Debug */,
				526B572823FDDBE900E28658 /* Release */,
			);
			defaultConfigurationIsVisible = 0;
			defaultConfigurationName = Release;
		};
		526B572923FDDBE900E28658 /* Build configuration list for PBXNativeTarget "Netflix" */ = {
			isa = XCConfigurationList;
			buildConfigurations = (
				526B572A23FDDBE900E28658 /* Debug */,
				526B572B23FDDBE900E28658 /* Release */,
			);
			defaultConfigurationIsVisible = 0;
			defaultConfigurationName = Release;
		};
/* End XCConfigurationList section */

/* Begin XCRemoteSwiftPackageReference section */
		52E1950224014C5A00407344 /* XCRemoteSwiftPackageReference "XCoordinator" */ = {
			isa = XCRemoteSwiftPackageReference;
			repositoryURL = "https://github.com/quickbirdstudios/XCoordinator";
			requirement = {
				kind = upToNextMajorVersion;
				minimumVersion = 2.0.7;
			};
		};
/* End XCRemoteSwiftPackageReference section */

/* Begin XCSwiftPackageProductDependency section */
		52E1950324014C5A00407344 /* XCoordinatorRx */ = {
			isa = XCSwiftPackageProductDependency;
			package = 52E1950224014C5A00407344 /* XCRemoteSwiftPackageReference "XCoordinator" */;
			productName = XCoordinatorRx;
		};
		52E1950524014C5A00407344 /* XCoordinator */ = {
			isa = XCSwiftPackageProductDependency;
			package = 52E1950224014C5A00407344 /* XCRemoteSwiftPackageReference "XCoordinator" */;
			productName = XCoordinator;
		};
/* End XCSwiftPackageProductDependency section */
	};
	rootObject = 526B570D23FDDBE800E28658 /* Project object */;
}
