{
  "object": {
    "pins": [
      {
        "package": "RxSwift",
        "repositoryURL": "https://github.com/ReactiveX/RxSwift.git",
        "state": {
          "branch": null,
          "revision": "b3e888b4972d9bc76495dd74d30a8c7fad4b9395",
          "version": "5.0.1"
        }
      },
      {
        "package": "XCoordinator",
        "repositoryURL": "https://github.com/quickbirdstudios/XCoordinator",
        "state": {
          "branch": null,
          "revision": "4b6fc6f7359078c322e3b354854ed4ac5c12c5e1",
          "version": "2.0.7"
        }
      }
    ]
  },
  "version": 1
}
